// !$*UTF8*$!
{
	archiveVersion = 1;
	classes = {
	};
	objectVersion = 55;
	objects = {

/* Begin PBXBuildFile section */
		F38089E327D8452900714B9F /* AppDelegate.swift in Sources */ = {isa = PBXBuildFile; fileRef = F38089E227D8452900714B9F /* AppDelegate.swift */; };
		F38089E527D8452900714B9F /* SceneDelegate.swift in Sources */ = {isa = PBXBuildFile; fileRef = F38089E427D8452900714B9F /* SceneDelegate.swift */; };
		F38089E727D8452900714B9F /* ViewController.swift in Sources */ = {isa = PBXBuildFile; fileRef = F38089E627D8452900714B9F /* ViewController.swift */; };
		F38089EA27D8452900714B9F /* Main.storyboard in Resources */ = {isa = PBXBuildFile; fileRef = F38089E827D8452900714B9F /* Main.storyboard */; };
		F38089EC27D8452B00714B9F /* Assets.xcassets in Resources */ = {isa = PBXBuildFile; fileRef = F38089EB27D8452B00714B9F /* Assets.xcassets */; };
		F38089EF27D8452B00714B9F /* LaunchScreen.storyboard in Resources */ = {isa = PBXBuildFile; fileRef = F38089ED27D8452B00714B9F /* LaunchScreen.storyboard */; };
		F38089FA27D8452B00714B9F /* instaTests.swift in Sources */ = {isa = PBXBuildFile; fileRef = F38089F927D8452B00714B9F /* instaTests.swift */; };
		F3808A0427D8452B00714B9F /* instaUITests.swift in Sources */ = {isa = PBXBuildFile; fileRef = F3808A0327D8452B00714B9F /* instaUITests.swift */; };
		F3808A0627D8452B00714B9F /* instaUITestsLaunchTests.swift in Sources */ = {isa = PBXBuildFile; fileRef = F3808A0527D8452B00714B9F /* instaUITestsLaunchTests.swift */; };
/* End PBXBuildFile section */

/* Begin PBXContainerItemProxy section */
		F38089F627D8452B00714B9F /* PBXContainerItemProxy */ = {
			isa = PBXContainerItemProxy;
			containerPortal = F38089D727D8452900714B9F /* Project object */;
			proxyType = 1;
			remoteGlobalIDString = F38089DE27D8452900714B9F;
			remoteInfo = insta;
		};
		F3808A0027D8452B00714B9F /* PBXContainerItemProxy */ = {
			isa = PBXContainerItemProxy;
			containerPortal = F38089D727D8452900714B9F /* Project object */;
			proxyType = 1;
			remoteGlobalIDString = F38089DE27D8452900714B9F;
			remoteInfo = insta;
		};
/* End PBXContainerItemProxy section */

/* Begin PBXFileReference section */
		F38089DF27D8452900714B9F /* insta.app */ = {isa = PBXFileReference; explicitFileType = wrapper.application; includeInIndex = 0; path = insta.app; sourceTree = BUILT_PRODUCTS_DIR; };
		F38089E227D8452900714B9F /* AppDelegate.swift */ = {isa = PBXFileReference; lastKnownFileType = sourcecode.swift; path = AppDelegate.swift; sourceTree = "<group>"; };
		F38089E427D8452900714B9F /* SceneDelegate.swift */ = {isa = PBXFileReference; lastKnownFileType = sourcecode.swift; path = SceneDelegate.swift; sourceTree = "<group>"; };
		F38089E627D8452900714B9F /* ViewController.swift */ = {isa = PBXFileReference; lastKnownFileType = sourcecode.swift; path = ViewController.swift; sourceTree = "<group>"; };
		F38089E927D8452900714B9F /* Base */ = {isa = PBXFileReference; lastKnownFileType = file.storyboard; name = Base; path = Base.lproj/Main.storyboard; sourceTree = "<group>"; };
		F38089EB27D8452B00714B9F /* Assets.xcassets */ = {isa = PBXFileReference; lastKnownFileType = folder.assetcatalog; path = Assets.xcassets; sourceTree = "<group>"; };
		F38089EE27D8452B00714B9F /* Base */ = {isa = PBXFileReference; lastKnownFileType = file.storyboard; name = Base; path = Base.lproj/LaunchScreen.storyboard; sourceTree = "<group>"; };
		F38089F027D8452B00714B9F /* Info.plist */ = {isa = PBXFileReference; lastKnownFileType = text.plist.xml; path = Info.plist; sourceTree = "<group>"; };
		F38089F527D8452B00714B9F /* instaTests.xctest */ = {isa = PBXFileReference; explicitFileType = wrapper.cfbundle; includeInIndex = 0; path = instaTests.xctest; sourceTree = BUILT_PRODUCTS_DIR; };
		F38089F927D8452B00714B9F /* instaTests.swift */ = {isa = PBXFileReference; lastKnownFileType = sourcecode.swift; path = instaTests.swift; sourceTree = "<group>"; };
		F38089FF27D8452B00714B9F /* instaUITests.xctest */ = {isa = PBXFileReference; explicitFileType = wrapper.cfbundle; includeInIndex = 0; path = instaUITests.xctest; sourceTree = BUILT_PRODUCTS_DIR; };
		F3808A0327D8452B00714B9F /* instaUITests.swift */ = {isa = PBXFileReference; lastKnownFileType = sourcecode.swift; path = instaUITests.swift; sourceTree = "<group>"; };
		F3808A0527D8452B00714B9F /* instaUITestsLaunchTests.swift */ = {isa = PBXFileReference; lastKnownFileType = sourcecode.swift; path = instaUITestsLaunchTests.swift; sourceTree = "<group>"; };
/* End PBXFileReference section */

/* Begin PBXFrameworksBuildPhase section */
		F38089DC27D8452900714B9F /* Frameworks */ = {
			isa = PBXFrameworksBuildPhase;
			buildActionMask = 2147483647;
			files = (
			);
			runOnlyForDeploymentPostprocessing = 0;
		};
		F38089F227D8452B00714B9F /* Frameworks */ = {
			isa = PBXFrameworksBuildPhase;
			buildActionMask = 2147483647;
			files = (
			);
			runOnlyForDeploymentPostprocessing = 0;
		};
		F38089FC27D8452B00714B9F /* Frameworks */ = {
			isa = PBXFrameworksBuildPhase;
			buildActionMask = 2147483647;
			files = (
			);
			runOnlyForDeploymentPostprocessing = 0;
		};
/* End PBXFrameworksBuildPhase section */

/* Begin PBXGroup section */
		F38089D627D8452900714B9F = {
			isa = PBXGroup;
			children = (
				F38089E127D8452900714B9F /* insta */,
				F38089F827D8452B00714B9F /* instaTests */,
				F3808A0227D8452B00714B9F /* instaUITests */,
				F38089E027D8452900714B9F /* Products */,
			);
			sourceTree = "<group>";
		};
		F38089E027D8452900714B9F /* Products */ = {
			isa = PBXGroup;
			children = (
				F38089DF27D8452900714B9F /* insta.app */,
				F38089F527D8452B00714B9F /* instaTests.xctest */,
				F38089FF27D8452B00714B9F /* instaUITests.xctest */,
			);
			name = Products;
			sourceTree = "<group>";
		};
		F38089E127D8452900714B9F /* insta */ = {
			isa = PBXGroup;
			children = (
				F38089E227D8452900714B9F /* AppDelegate.swift */,
				F38089E427D8452900714B9F /* SceneDelegate.swift */,
				F38089E627D8452900714B9F /* ViewController.swift */,
				F38089E827D8452900714B9F /* Main.storyboard */,
				F38089EB27D8452B00714B9F /* Assets.xcassets */,
				F38089ED27D8452B00714B9F /* LaunchScreen.storyboard */,
				F38089F027D8452B00714B9F /* Info.plist */,
			);
			path = insta;
			sourceTree = "<group>";
		};
		F38089F827D8452B00714B9F /* instaTests */ = {
			isa = PBXGroup;
			children = (
				F38089F927D8452B00714B9F /* instaTests.swift */,
			);
			path = instaTests;
			sourceTree = "<group>";
		};
		F3808A0227D8452B00714B9F /* instaUITests */ = {
			isa = PBXGroup;
			children = (
				F3808A0327D8452B00714B9F /* instaUITests.swift */,
				F3808A0527D8452B00714B9F /* instaUITestsLaunchTests.swift */,
			);
			path = instaUITests;
			sourceTree = "<group>";
		};
/* End PBXGroup section */

/* Begin PBXNativeTarget section */
		F38089DE27D8452900714B9F /* insta */ = {
			isa = PBXNativeTarget;
			buildConfigurationList = F3808A0927D8452B00714B9F /* Build configuration list for PBXNativeTarget "insta" */;
			buildPhases = (
				F38089DB27D8452900714B9F /* Sources */,
				F38089DC27D8452900714B9F /* Frameworks */,
				F38089DD27D8452900714B9F /* Resources */,
			);
			buildRules = (
			);
			dependencies = (
			);
			name = insta;
			productName = insta;
			productReference = F38089DF27D8452900714B9F /* insta.app */;
			productType = "com.apple.product-type.application";
		};
		F38089F427D8452B00714B9F /* instaTests */ = {
			isa = PBXNativeTarget;
			buildConfigurationList = F3808A0C27D8452B00714B9F /* Build configuration list for PBXNativeTarget "instaTests" */;
			buildPhases = (
				F38089F127D8452B00714B9F /* Sources */,
				F38089F227D8452B00714B9F /* Frameworks */,
				F38089F327D8452B00714B9F /* Resources */,
			);
			buildRules = (
			);
			dependencies = (
				F38089F727D8452B00714B9F /* PBXTargetDependency */,
			);
			name = instaTests;
			productName = instaTests;
			productReference = F38089F527D8452B00714B9F /* instaTests.xctest */;
			productType = "com.apple.product-type.bundle.unit-test";
		};
		F38089FE27D8452B00714B9F /* instaUITests */ = {
			isa = PBXNativeTarget;
			buildConfigurationList = F3808A0F27D8452B00714B9F /* Build configuration list for PBXNativeTarget "instaUITests" */;
			buildPhases = (
				F38089FB27D8452B00714B9F /* Sources */,
				F38089FC27D8452B00714B9F /* Frameworks */,
				F38089FD27D8452B00714B9F /* Resources */,
			);
			buildRules = (
			);
			dependencies = (
				F3808A0127D8452B00714B9F /* PBXTargetDependency */,
			);
			name = instaUITests;
			productName = instaUITests;
			productReference = F38089FF27D8452B00714B9F /* instaUITests.xctest */;
			productType = "com.apple.product-type.bundle.ui-testing";
		};
/* End PBXNativeTarget section */

/* Begin PBXProject section */
		F38089D727D8452900714B9F /* Project object */ = {
			isa = PBXProject;
			attributes = {
				BuildIndependentTargetsInParallel = 1;
				LastSwiftUpdateCheck = 1320;
				LastUpgradeCheck = 1320;
				TargetAttributes = {
					F38089DE27D8452900714B9F = {
						CreatedOnToolsVersion = 13.2.1;
					};
					F38089F427D8452B00714B9F = {
						CreatedOnToolsVersion = 13.2.1;
						TestTargetID = F38089DE27D8452900714B9F;
					};
					F38089FE27D8452B00714B9F = {
						CreatedOnToolsVersion = 13.2.1;
						TestTargetID = F38089DE27D8452900714B9F;
					};
				};
			};
			buildConfigurationList = F38089DA27D8452900714B9F /* Build configuration list for PBXProject "insta" */;
			compatibilityVersion = "Xcode 13.0";
			developmentRegion = en;
			hasScannedForEncodings = 0;
			knownRegions = (
				en,
				Base,
			);
			mainGroup = F38089D627D8452900714B9F;
			productRefGroup = F38089E027D8452900714B9F /* Products */;
			projectDirPath = "";
			projectRoot = "";
			targets = (
				F38089DE27D8452900714B9F /* insta */,
				F38089F427D8452B00714B9F /* instaTests */,
				F38089FE27D8452B00714B9F /* instaUITests */,
			);
		};
/* End PBXProject section */

/* Begin PBXResourcesBuildPhase section */
		F38089DD27D8452900714B9F /* Resources */ = {
			isa = PBXResourcesBuildPhase;
			buildActionMask = 2147483647;
			files = (
				F38089EF27D8452B00714B9F /* LaunchScreen.storyboard in Resources */,
				F38089EC27D8452B00714B9F /* Assets.xcassets in Resources */,
				F38089EA27D8452900714B9F /* Main.storyboard in Resources */,
			);
			runOnlyForDeploymentPostprocessing = 0;
		};
		F38089F327D8452B00714B9F /* Resources */ = {
			isa = PBXResourcesBuildPhase;
			buildActionMask = 2147483647;
			files = (
			);
			runOnlyForDeploymentPostprocessing = 0;
		};
		F38089FD27D8452B00714B9F /* Resources */ = {
			isa = PBXResourcesBuildPhase;
			buildActionMask = 2147483647;
			files = (
			);
			runOnlyForDeploymentPostprocessing = 0;
		};
/* End PBXResourcesBuildPhase section */

/* Begin PBXSourcesBuildPhase section */
		F38089DB27D8452900714B9F /* Sources */ = {
			isa = PBXSourcesBuildPhase;
			buildActionMask = 2147483647;
			files = (
				F38089E727D8452900714B9F /* ViewController.swift in Sources */,
				F38089E327D8452900714B9F /* AppDelegate.swift in Sources */,
				F38089E527D8452900714B9F /* SceneDelegate.swift in Sources */,
			);
			runOnlyForDeploymentPostprocessing = 0;
		};
		F38089F127D8452B00714B9F /* Sources */ = {
			isa = PBXSourcesBuildPhase;
			buildActionMask = 2147483647;
			files = (
				F38089FA27D8452B00714B9F /* instaTests.swift in Sources */,
			);
			runOnlyForDeploymentPostprocessing = 0;
		};
		F38089FB27D8452B00714B9F /* Sources */ = {
			isa = PBXSourcesBuildPhase;
			buildActionMask = 2147483647;
			files = (
				F3808A0627D8452B00714B9F /* instaUITestsLaunchTests.swift in Sources */,
				F3808A0427D8452B00714B9F /* instaUITests.swift in Sources */,
			);
			runOnlyForDeploymentPostprocessing = 0;
		};
/* End PBXSourcesBuildPhase section */

/* Begin PBXTargetDependency section */
		F38089F727D8452B00714B9F /* PBXTargetDependency */ = {
			isa = PBXTargetDependency;
			target = F38089DE27D8452900714B9F /* insta */;
			targetProxy = F38089F627D8452B00714B9F /* PBXContainerItemProxy */;
		};
		F3808A0127D8452B00714B9F /* PBXTargetDependency */ = {
			isa = PBXTargetDependency;
			target = F38089DE27D8452900714B9F /* insta */;
			targetProxy = F3808A0027D8452B00714B9F /* PBXContainerItemProxy */;
		};
/* End PBXTargetDependency section */

/* Begin PBXVariantGroup section */
		F38089E827D8452900714B9F /* Main.storyboard */ = {
			isa = PBXVariantGroup;
			children = (
				F38089E927D8452900714B9F /* Base */,
			);
			name = Main.storyboard;
			sourceTree = "<group>";
		};
		F38089ED27D8452B00714B9F /* LaunchScreen.storyboard */ = {
			isa = PBXVariantGroup;
			children = (
				F38089EE27D8452B00714B9F /* Base */,
			);
			name = LaunchScreen.storyboard;
			sourceTree = "<group>";
		};
/* End PBXVariantGroup section */

/* Begin XCBuildConfiguration section */
		F3808A0727D8452B00714B9F /* Debug */ = {
			isa = XCBuildConfiguration;
			buildSettings = {
				ALWAYS_SEARCH_USER_PATHS = NO;
				CLANG_ANALYZER_NONNULL = YES;
				CLANG_ANALYZER_NUMBER_OBJECT_CONVERSION = YES_AGGRESSIVE;
				CLANG_CXX_LANGUAGE_STANDARD = "gnu++17";
				CLANG_CXX_LIBRARY = "libc++";
				CLANG_ENABLE_MODULES = YES;
				CLANG_ENABLE_OBJC_ARC = YES;
				CLANG_ENABLE_OBJC_WEAK = YES;
				CLANG_WARN_BLOCK_CAPTURE_AUTORELEASING = YES;
				CLANG_WARN_BOOL_CONVERSION = YES;
				CLANG_WARN_COMMA = YES;
				CLANG_WARN_CONSTANT_CONVERSION = YES;
				CLANG_WARN_DEPRECATED_OBJC_IMPLEMENTATIONS = YES;
				CLANG_WARN_DIRECT_OBJC_ISA_USAGE = YES_ERROR;
				CLANG_WARN_DOCUMENTATION_COMMENTS = YES;
				CLANG_WARN_EMPTY_BODY = YES;
				CLANG_WARN_ENUM_CONVERSION = YES;
				CLANG_WARN_INFINITE_RECURSION = YES;
				CLANG_WARN_INT_CONVERSION = YES;
				CLANG_WARN_NON_LITERAL_NULL_CONVERSION = YES;
				CLANG_WARN_OBJC_IMPLICIT_RETAIN_SELF = YES;
				CLANG_WARN_OBJC_LITERAL_CONVERSION = YES;
				CLANG_WARN_OBJC_ROOT_CLASS = YES_ERROR;
				CLANG_WARN_QUOTED_INCLUDE_IN_FRAMEWORK_HEADER = YES;
				CLANG_WARN_RANGE_LOOP_ANALYSIS = YES;
				CLANG_WARN_STRICT_PROTOTYPES = YES;
				CLANG_WARN_SUSPICIOUS_MOVE = YES;
				CLANG_WARN_UNGUARDED_AVAILABILITY = YES_AGGRESSIVE;
				CLANG_WARN_UNREACHABLE_CODE = YES;
				CLANG_WARN__DUPLICATE_METHOD_MATCH = YES;
				COPY_PHASE_STRIP = NO;
				DEBUG_INFORMATION_FORMAT = dwarf;
				ENABLE_STRICT_OBJC_MSGSEND = YES;
				ENABLE_TESTABILITY = YES;
				GCC_C_LANGUAGE_STANDARD = gnu11;
				GCC_DYNAMIC_NO_PIC = NO;
				GCC_NO_COMMON_BLOCKS = YES;
				GCC_OPTIMIZATION_LEVEL = 0;
				GCC_PREPROCESSOR_DEFINITIONS = (
					"DEBUG=1",
					"$(inherited)",
				);
				GCC_WARN_64_TO_32_BIT_CONVERSION = YES;
				GCC_WARN_ABOUT_RETURN_TYPE = YES_ERROR;
				GCC_WARN_UNDECLARED_SELECTOR = YES;
				GCC_WARN_UNINITIALIZED_AUTOS = YES_AGGRESSIVE;
				GCC_WARN_UNUSED_FUNCTION = YES;
				GCC_WARN_UNUSED_VARIABLE = YES;
				IPHONEOS_DEPLOYMENT_TARGET = 15.2;
				MTL_ENABLE_DEBUG_INFO = INCLUDE_SOURCE;
				MTL_FAST_MATH = YES;
				ONLY_ACTIVE_ARCH = YES;
				SDKROOT = iphoneos;
				SWIFT_ACTIVE_COMPILATION_CONDITIONS = DEBUG;
				SWIFT_OPTIMIZATION_LEVEL = "-Onone";
			};
			name = Debug;
		};
		F3808A0827D8452B00714B9F /* Release */ = {
			isa = XCBuildConfiguration;
			buildSettings = {
				ALWAYS_SEARCH_USER_PATHS = NO;
				CLANG_ANALYZER_NONNULL = YES;
				CLANG_ANALYZER_NUMBER_OBJECT_CONVERSION = YES_AGGRESSIVE;
				CLANG_CXX_LANGUAGE_STANDARD = "gnu++17";
				CLANG_CXX_LIBRARY = "libc++";
				CLANG_ENABLE_MODULES = YES;
				CLANG_ENABLE_OBJC_ARC = YES;
				CLANG_ENABLE_OBJC_WEAK = YES;
				CLANG_WARN_BLOCK_CAPTURE_AUTORELEASING = YES;
				CLANG_WARN_BOOL_CONVERSION = YES;
				CLANG_WARN_COMMA = YES;
				CLANG_WARN_CONSTANT_CONVERSION = YES;
				CLANG_WARN_DEPRECATED_OBJC_IMPLEMENTATIONS = YES;
				CLANG_WARN_DIRECT_OBJC_ISA_USAGE = YES_ERROR;
				CLANG_WARN_DOCUMENTATION_COMMENTS = YES;
				CLANG_WARN_EMPTY_BODY = YES;
				CLANG_WARN_ENUM_CONVERSION = YES;
				CLANG_WARN_INFINITE_RECURSION = YES;
				CLANG_WARN_INT_CONVERSION = YES;
				CLANG_WARN_NON_LITERAL_NULL_CONVERSION = YES;
				CLANG_WARN_OBJC_IMPLICIT_RETAIN_SELF = YES;
				CLANG_WARN_OBJC_LITERAL_CONVERSION = YES;
				CLANG_WARN_OBJC_ROOT_CLASS = YES_ERROR;
				CLANG_WARN_QUOTED_INCLUDE_IN_FRAMEWORK_HEADER = YES;
				CLANG_WARN_RANGE_LOOP_ANALYSIS = YES;
				CLANG_WARN_STRICT_PROTOTYPES = YES;
				CLANG_WARN_SUSPICIOUS_MOVE = YES;
				CLANG_WARN_UNGUARDED_AVAILABILITY = YES_AGGRESSIVE;
				CLANG_WARN_UNREACHABLE_CODE = YES;
				CLANG_WARN__DUPLICATE_METHOD_MATCH = YES;
				COPY_PHASE_STRIP = NO;
				DEBUG_INFORMATION_FORMAT = "dwarf-with-dsym";
				ENABLE_NS_ASSERTIONS = NO;
				ENABLE_STRICT_OBJC_MSGSEND = YES;
				GCC_C_LANGUAGE_STANDARD = gnu11;
				GCC_NO_COMMON_BLOCKS = YES;
				GCC_WARN_64_TO_32_BIT_CONVERSION = YES;
				GCC_WARN_ABOUT_RETURN_TYPE = YES_ERROR;
				GCC_WARN_UNDECLARED_SELECTOR = YES;
				GCC_WARN_UNINITIALIZED_AUTOS = YES_AGGRESSIVE;
				GCC_WARN_UNUSED_FUNCTION = YES;
				GCC_WARN_UNUSED_VARIABLE = YES;
				IPHONEOS_DEPLOYMENT_TARGET = 15.2;
				MTL_ENABLE_DEBUG_INFO = NO;
				MTL_FAST_MATH = YES;
				SDKROOT = iphoneos;
				SWIFT_COMPILATION_MODE = wholemodule;
				SWIFT_OPTIMIZATION_LEVEL = "-O";
				VALIDATE_PRODUCT = YES;
			};
			name = Release;
		};
		F3808A0A27D8452B00714B9F /* Debug */ = {
			isa = XCBuildConfiguration;
			buildSettings = {
				ASSETCATALOG_COMPILER_APPICON_NAME = AppIcon;
				ASSETCATALOG_COMPILER_GLOBAL_ACCENT_COLOR_NAME = AccentColor;
				CODE_SIGN_STYLE = Automatic;
				CURRENT_PROJECT_VERSION = 1;
				DEVELOPMENT_TEAM = TB5964B2A4;
				GENERATE_INFOPLIST_FILE = YES;
				INFOPLIST_FILE = insta/Info.plist;
				INFOPLIST_KEY_UIApplicationSupportsIndirectInputEvents = YES;
				INFOPLIST_KEY_UILaunchStoryboardName = LaunchScreen;
				INFOPLIST_KEY_UIMainStoryboardFile = Main;
				INFOPLIST_KEY_UISupportedInterfaceOrientations_iPad = "UIInterfaceOrientationPortrait UIInterfaceOrientationPortraitUpsideDown UIInterfaceOrientationLandscapeLeft UIInterfaceOrientationLandscapeRight";
				INFOPLIST_KEY_UISupportedInterfaceOrientations_iPhone = "UIInterfaceOrientationPortrait UIInterfaceOrientationLandscapeLeft UIInterfaceOrientationLandscapeRight";
				LD_RUNPATH_SEARCH_PATHS = (
					"$(inherited)",
					"@executable_path/Frameworks",
				);
				MARKETING_VERSION = 1.0;
				PRODUCT_BUNDLE_IDENTIFIER = play.insta;
				PRODUCT_NAME = "$(TARGET_NAME)";
				SWIFT_EMIT_LOC_STRINGS = YES;
				SWIFT_VERSION = 5.0;
				TARGETED_DEVICE_FAMILY = "1,2";
			};
			name = Debug;
		};
		F3808A0B27D8452B00714B9F /* Release */ = {
			isa = XCBuildConfiguration;
			buildSettings = {
				ASSETCATALOG_COMPILER_APPICON_NAME = AppIcon;
				ASSETCATALOG_COMPILER_GLOBAL_ACCENT_COLOR_NAME = AccentColor;
				CODE_SIGN_STYLE = Automatic;
				CURRENT_PROJECT_VERSION = 1;
				DEVELOPMENT_TEAM = TB5964B2A4;
				GENERATE_INFOPLIST_FILE = YES;
				INFOPLIST_FILE = insta/Info.plist;
				INFOPLIST_KEY_UIApplicationSupportsIndirectInputEvents = YES;
				INFOPLIST_KEY_UILaunchStoryboardName = LaunchScreen;
				INFOPLIST_KEY_UIMainStoryboardFile = Main;
				INFOPLIST_KEY_UISupportedInterfaceOrientations_iPad = "UIInterfaceOrientationPortrait UIInterfaceOrientationPortraitUpsideDown UIInterfaceOrientationLandscapeLeft UIInterfaceOrientationLandscapeRight";
				INFOPLIST_KEY_UISupportedInterfaceOrientations_iPhone = "UIInterfaceOrientationPortrait UIInterfaceOrientationLandscapeLeft UIInterfaceOrientationLandscapeRight";
				LD_RUNPATH_SEARCH_PATHS = (
					"$(inherited)",
					"@executable_path/Frameworks",
				);
				MARKETING_VERSION = 1.0;
				PRODUCT_BUNDLE_IDENTIFIER = play.insta;
				PRODUCT_NAME = "$(TARGET_NAME)";
				SWIFT_EMIT_LOC_STRINGS = YES;
				SWIFT_VERSION = 5.0;
				TARGETED_DEVICE_FAMILY = "1,2";
			};
			name = Release;
		};
		F3808A0D27D8452B00714B9F /* Debug */ = {
			isa = XCBuildConfiguration;
			buildSettings = {
				ALWAYS_EMBED_SWIFT_STANDARD_LIBRARIES = YES;
				BUNDLE_LOADER = "$(TEST_HOST)";
				CODE_SIGN_STYLE = Automatic;
				CURRENT_PROJECT_VERSION = 1;
				DEVELOPMENT_TEAM = TB5964B2A4;
				GENERATE_INFOPLIST_FILE = YES;
				IPHONEOS_DEPLOYMENT_TARGET = 15.2;
				MARKETING_VERSION = 1.0;
				PRODUCT_BUNDLE_IDENTIFIER = play.instaTests;
				PRODUCT_NAME = "$(TARGET_NAME)";
				SWIFT_EMIT_LOC_STRINGS = NO;
				SWIFT_VERSION = 5.0;
				TARGETED_DEVICE_FAMILY = "1,2";
				TEST_HOST = "$(BUILT_PRODUCTS_DIR)/insta.app/insta";
			};
			name = Debug;
		};
		F3808A0E27D8452B00714B9F /* Release */ = {
			isa = XCBuildConfiguration;
			buildSettings = {
				ALWAYS_EMBED_SWIFT_STANDARD_LIBRARIES = YES;
				BUNDLE_LOADER = "$(TEST_HOST)";
				CODE_SIGN_STYLE = Automatic;
				CURRENT_PROJECT_VERSION = 1;
				DEVELOPMENT_TEAM = TB5964B2A4;
				GENERATE_INFOPLIST_FILE = YES;
				IPHONEOS_DEPLOYMENT_TARGET = 15.2;
				MARKETING_VERSION = 1.0;
				PRODUCT_BUNDLE_IDENTIFIER = play.instaTests;
				PRODUCT_NAME = "$(TARGET_NAME)";
				SWIFT_EMIT_LOC_STRINGS = NO;
				SWIFT_VERSION = 5.0;
				TARGETED_DEVICE_FAMILY = "1,2";
				TEST_HOST = "$(BUILT_PRODUCTS_DIR)/insta.app/insta";
			};
			name = Release;
		};
		F3808A1027D8452B00714B9F /* Debug */ = {
			isa = XCBuildConfiguration;
			buildSettings = {
				ALWAYS_EMBED_SWIFT_STANDARD_LIBRARIES = YES;
				CODE_SIGN_STYLE = Automatic;
				CURRENT_PROJECT_VERSION = 1;
				DEVELOPMENT_TEAM = TB5964B2A4;
				GENERATE_INFOPLIST_FILE = YES;
				MARKETING_VERSION = 1.0;
				PRODUCT_BUNDLE_IDENTIFIER = play.instaUITests;
				PRODUCT_NAME = "$(TARGET_NAME)";
				SWIFT_EMIT_LOC_STRINGS = NO;
				SWIFT_VERSION = 5.0;
				TARGETED_DEVICE_FAMILY = "1,2";
				TEST_TARGET_NAME = insta;
			};
			name = Debug;
		};
		F3808A1127D8452B00714B9F /* Release */ = {
			isa = XCBuildConfiguration;
			buildSettings = {
				ALWAYS_EMBED_SWIFT_STANDARD_LIBRARIES = YES;
				CODE_SIGN_STYLE = Automatic;
				CURRENT_PROJECT_VERSION = 1;
				DEVELOPMENT_TEAM = TB5964B2A4;
				GENERATE_INFOPLIST_FILE = YES;
				MARKETING_VERSION = 1.0;
				PRODUCT_BUNDLE_IDENTIFIER = play.instaUITests;
				PRODUCT_NAME = "$(TARGET_NAME)";
				SWIFT_EMIT_LOC_STRINGS = NO;
				SWIFT_VERSION = 5.0;
				TARGETED_DEVICE_FAMILY = "1,2";
				TEST_TARGET_NAME = insta;
			};
			name = Release;
		};
/* End XCBuildConfiguration section */

/* Begin XCConfigurationList section */
		F38089DA27D8452900714B9F /* Build configuration list for PBXProject "insta" */ = {
			isa = XCConfigurationList;
			buildConfigurations = (
				F3808A0727D8452B00714B9F /* Debug */,
				F3808A0827D8452B00714B9F /* Release */,
			);
			defaultConfigurationIsVisible = 0;
			defaultConfigurationName = Release;
		};
		F3808A0927D8452B00714B9F /* Build configuration list for PBXNativeTarget "insta" */ = {
			isa = XCConfigurationList;
			buildConfigurations = (
				F3808A0A27D8452B00714B9F /* Debug */,
				F3808A0B27D8452B00714B9F /* Release */,
			);
			defaultConfigurationIsVisible = 0;
			defaultConfigurationName = Release;
		};
		F3808A0C27D8452B00714B9F /* Build configuration list for PBXNativeTarget "instaTests" */ = {
			isa = XCConfigurationList;
			buildConfigurations = (
				F3808A0D27D8452B00714B9F /* Debug */,
				F3808A0E27D8452B00714B9F /* Release */,
			);
			defaultConfigurationIsVisible = 0;
			defaultConfigurationName = Release;
		};
		F3808A0F27D8452B00714B9F /* Build configuration list for PBXNativeTarget "instaUITests" */ = {
			isa = XCConfigurationList;
			buildConfigurations = (
				F3808A1027D8452B00714B9F /* Debug */,
				F3808A1127D8452B00714B9F /* Release */,
			);
			defaultConfigurationIsVisible = 0;
			defaultConfigurationName = Release;
		};
/* End XCConfigurationList section */
	};
	rootObject = F38089D727D8452900714B9F /* Project object */;
}
